// !$*UTF8*$!
{
	archiveVersion = 1;
	classes = {
	};
	objectVersion = 56;
	objects = {

/* Begin PBXBuildFile section */
		C173004229DF422D00E7E35D /* EnvironmentDetailView.swift in Sources */ = {isa = PBXBuildFile; fileRef = C173004129DF422D00E7E35D /* EnvironmentDetailView.swift */; };
		C173004429DF433E00E7E35D /* EnvironmentCoursesModel.swift in Sources */ = {isa = PBXBuildFile; fileRef = C173004329DF433E00E7E35D /* EnvironmentCoursesModel.swift */; };
		C17AC98029DBA1C3007BA935 /* OpenreduApp.swift in Sources */ = {isa = PBXBuildFile; fileRef = C17AC97F29DBA1C3007BA935 /* OpenreduApp.swift */; };
		C17AC98229DBA1C3007BA935 /* ContentView.swift in Sources */ = {isa = PBXBuildFile; fileRef = C17AC98129DBA1C3007BA935 /* ContentView.swift */; };
		C17AC98429DBA1C4007BA935 /* Assets.xcassets in Resources */ = {isa = PBXBuildFile; fileRef = C17AC98329DBA1C4007BA935 /* Assets.xcassets */; };
		C17AC98729DBA1C4007BA935 /* Preview Assets.xcassets in Resources */ = {isa = PBXBuildFile; fileRef = C17AC98629DBA1C4007BA935 /* Preview Assets.xcassets */; };
		C17AC99029DBA3ED007BA935 /* HomeView.swift in Sources */ = {isa = PBXBuildFile; fileRef = C17AC98F29DBA3ED007BA935 /* HomeView.swift */; };
		C17AC99229DBA3FE007BA935 /* ProfileView.swift in Sources */ = {isa = PBXBuildFile; fileRef = C17AC99129DBA3FE007BA935 /* ProfileView.swift */; };
		C17AC99429DBA817007BA935 /* EnvironmentView.swift in Sources */ = {isa = PBXBuildFile; fileRef = C17AC99329DBA817007BA935 /* EnvironmentView.swift */; };
		C17AC99629DBAE74007BA935 /* EnvironmentListView.swift in Sources */ = {isa = PBXBuildFile; fileRef = C17AC99529DBAE74007BA935 /* EnvironmentListView.swift */; };
		C17AC99829DBB4F7007BA935 /* EnvironmentTypeModel.swift in Sources */ = {isa = PBXBuildFile; fileRef = C17AC99729DBB4F7007BA935 /* EnvironmentTypeModel.swift */; };
		C1827D4929E2281E00A02922 /* ContentListView.swift in Sources */ = {isa = PBXBuildFile; fileRef = C1827D4829E2281E00A02922 /* ContentListView.swift */; };
		C1827D4B29E2293200A02922 /* SubjectView.swift in Sources */ = {isa = PBXBuildFile; fileRef = C1827D4A29E2293200A02922 /* SubjectView.swift */; };
		C1D44B6529E0691F008C2FEA /* SubjectsModel.swift in Sources */ = {isa = PBXBuildFile; fileRef = C1D44B6429E0691F008C2FEA /* SubjectsModel.swift */; };
		C1D44B6729E0698A008C2FEA /* ContentModel.swift in Sources */ = {isa = PBXBuildFile; fileRef = C1D44B6629E0698A008C2FEA /* ContentModel.swift */; };
		C1D44B6929E06DE2008C2FEA /* CoursesListView.swift in Sources */ = {isa = PBXBuildFile; fileRef = C1D44B6829E06DE2008C2FEA /* CoursesListView.swift */; };
		C1D44B6B29E1AACD008C2FEA /* Placeholders.swift in Sources */ = {isa = PBXBuildFile; fileRef = C1D44B6A29E1AACD008C2FEA /* Placeholders.swift */; };
		C1D44B7029E1B726008C2FEA /* SubjectsListView.swift in Sources */ = {isa = PBXBuildFile; fileRef = C1D44B6F29E1B726008C2FEA /* SubjectsListView.swift */; };
		C1D44B7229E1B964008C2FEA /* CourseView.swift in Sources */ = {isa = PBXBuildFile; fileRef = C1D44B7129E1B964008C2FEA /* CourseView.swift */; };
/* End PBXBuildFile section */

/* Begin PBXFileReference section */
		C173004129DF422D00E7E35D /* EnvironmentDetailView.swift */ = {isa = PBXFileReference; lastKnownFileType = sourcecode.swift; path = EnvironmentDetailView.swift; sourceTree = "<group>"; };
		C173004329DF433E00E7E35D /* EnvironmentCoursesModel.swift */ = {isa = PBXFileReference; lastKnownFileType = sourcecode.swift; path = EnvironmentCoursesModel.swift; sourceTree = "<group>"; };
		C17AC97C29DBA1C3007BA935 /* Openredu.app */ = {isa = PBXFileReference; explicitFileType = wrapper.application; includeInIndex = 0; path = Openredu.app; sourceTree = BUILT_PRODUCTS_DIR; };
		C17AC97F29DBA1C3007BA935 /* OpenreduApp.swift */ = {isa = PBXFileReference; lastKnownFileType = sourcecode.swift; path = OpenreduApp.swift; sourceTree = "<group>"; };
		C17AC98129DBA1C3007BA935 /* ContentView.swift */ = {isa = PBXFileReference; lastKnownFileType = sourcecode.swift; path = ContentView.swift; sourceTree = "<group>"; };
		C17AC98329DBA1C4007BA935 /* Assets.xcassets */ = {isa = PBXFileReference; lastKnownFileType = folder.assetcatalog; path = Assets.xcassets; sourceTree = "<group>"; };
		C17AC98629DBA1C4007BA935 /* Preview Assets.xcassets */ = {isa = PBXFileReference; lastKnownFileType = folder.assetcatalog; path = "Preview Assets.xcassets"; sourceTree = "<group>"; };
		C17AC98F29DBA3ED007BA935 /* HomeView.swift */ = {isa = PBXFileReference; lastKnownFileType = sourcecode.swift; path = HomeView.swift; sourceTree = "<group>"; };
		C17AC99129DBA3FE007BA935 /* ProfileView.swift */ = {isa = PBXFileReference; lastKnownFileType = sourcecode.swift; path = ProfileView.swift; sourceTree = "<group>"; };
		C17AC99329DBA817007BA935 /* EnvironmentView.swift */ = {isa = PBXFileReference; lastKnownFileType = sourcecode.swift; path = EnvironmentView.swift; sourceTree = "<group>"; };
		C17AC99529DBAE74007BA935 /* EnvironmentListView.swift */ = {isa = PBXFileReference; lastKnownFileType = sourcecode.swift; path = EnvironmentListView.swift; sourceTree = "<group>"; };
		C17AC99729DBB4F7007BA935 /* EnvironmentTypeModel.swift */ = {isa = PBXFileReference; lastKnownFileType = sourcecode.swift; path = EnvironmentTypeModel.swift; sourceTree = "<group>"; };
		C1827D4829E2281E00A02922 /* ContentListView.swift */ = {isa = PBXFileReference; lastKnownFileType = sourcecode.swift; path = ContentListView.swift; sourceTree = "<group>"; };
		C1827D4A29E2293200A02922 /* SubjectView.swift */ = {isa = PBXFileReference; lastKnownFileType = sourcecode.swift; path = SubjectView.swift; sourceTree = "<group>"; };
		C1D44B6429E0691F008C2FEA /* SubjectsModel.swift */ = {isa = PBXFileReference; lastKnownFileType = sourcecode.swift; path = SubjectsModel.swift; sourceTree = "<group>"; };
		C1D44B6629E0698A008C2FEA /* ContentModel.swift */ = {isa = PBXFileReference; lastKnownFileType = sourcecode.swift; path = ContentModel.swift; sourceTree = "<group>"; };
		C1D44B6829E06DE2008C2FEA /* CoursesListView.swift */ = {isa = PBXFileReference; lastKnownFileType = sourcecode.swift; path = CoursesListView.swift; sourceTree = "<group>"; };
		C1D44B6A29E1AACD008C2FEA /* Placeholders.swift */ = {isa = PBXFileReference; lastKnownFileType = sourcecode.swift; path = Placeholders.swift; sourceTree = "<group>"; };
		C1D44B6F29E1B726008C2FEA /* SubjectsListView.swift */ = {isa = PBXFileReference; lastKnownFileType = sourcecode.swift; path = SubjectsListView.swift; sourceTree = "<group>"; };
		C1D44B7129E1B964008C2FEA /* CourseView.swift */ = {isa = PBXFileReference; lastKnownFileType = sourcecode.swift; path = CourseView.swift; sourceTree = "<group>"; };
/* End PBXFileReference section */

/* Begin PBXFrameworksBuildPhase section */
		C17AC97929DBA1C3007BA935 /* Frameworks */ = {
			isa = PBXFrameworksBuildPhase;
			buildActionMask = 2147483647;
			files = (
			);
			runOnlyForDeploymentPostprocessing = 0;
		};
/* End PBXFrameworksBuildPhase section */

/* Begin PBXGroup section */
		C17AC97329DBA1C3007BA935 = {
			isa = PBXGroup;
			children = (
				C17AC97E29DBA1C3007BA935 /* Openredu */,
				C17AC97D29DBA1C3007BA935 /* Products */,
			);
			sourceTree = "<group>";
		};
		C17AC97D29DBA1C3007BA935 /* Products */ = {
			isa = PBXGroup;
			children = (
				C17AC97C29DBA1C3007BA935 /* Openredu.app */,
			);
			name = Products;
			sourceTree = "<group>";
		};
		C17AC97E29DBA1C3007BA935 /* Openredu */ = {
			isa = PBXGroup;
			children = (
				C17AC97F29DBA1C3007BA935 /* OpenreduApp.swift */,
				C17AC98129DBA1C3007BA935 /* ContentView.swift */,
				C1D44B6D29E1B15C008C2FEA /* Controller */,
				C1D44B6E29E1B163008C2FEA /* View */,
				C1D44B6C29E1B13B008C2FEA /* Model */,
				C17AC98329DBA1C4007BA935 /* Assets.xcassets */,
				C17AC98529DBA1C4007BA935 /* Preview Content */,
			);
			path = Openredu;
			sourceTree = "<group>";
		};
		C17AC98529DBA1C4007BA935 /* Preview Content */ = {
			isa = PBXGroup;
			children = (
				C17AC98629DBA1C4007BA935 /* Preview Assets.xcassets */,
			);
			path = "Preview Content";
			sourceTree = "<group>";
		};
		C1D44B6C29E1B13B008C2FEA /* Model */ = {
			isa = PBXGroup;
			children = (
				C1D44B6A29E1AACD008C2FEA /* Placeholders.swift */,
				C173004329DF433E00E7E35D /* EnvironmentCoursesModel.swift */,
				C1D44B6429E0691F008C2FEA /* SubjectsModel.swift */,
				C1D44B6629E0698A008C2FEA /* ContentModel.swift */,
				C17AC99729DBB4F7007BA935 /* EnvironmentTypeModel.swift */,
			);
			path = Model;
			sourceTree = "<group>";
		};
		C1D44B6D29E1B15C008C2FEA /* Controller */ = {
			isa = PBXGroup;
			children = (
				C17AC98F29DBA3ED007BA935 /* HomeView.swift */,
				C17AC99129DBA3FE007BA935 /* ProfileView.swift */,
				C17AC99329DBA817007BA935 /* EnvironmentView.swift */,
				C173004129DF422D00E7E35D /* EnvironmentDetailView.swift */,
				C1827D4A29E2293200A02922 /* SubjectView.swift */,
				C1D44B7129E1B964008C2FEA /* CourseView.swift */,
			);
			path = Controller;
			sourceTree = "<group>";
		};
		C1D44B6E29E1B163008C2FEA /* View */ = {
			isa = PBXGroup;
			children = (
				C17AC99529DBAE74007BA935 /* EnvironmentListView.swift */,
				C1827D4829E2281E00A02922 /* ContentListView.swift */,
				C1D44B6829E06DE2008C2FEA /* CoursesListView.swift */,
				C1D44B6F29E1B726008C2FEA /* SubjectsListView.swift */,
			);
			path = View;
			sourceTree = "<group>";
		};
/* End PBXGroup section */

/* Begin PBXNativeTarget section */
		C17AC97B29DBA1C3007BA935 /* Openredu */ = {
			isa = PBXNativeTarget;
			buildConfigurationList = C17AC98A29DBA1C4007BA935 /* Build configuration list for PBXNativeTarget "Openredu" */;
			buildPhases = (
				C17AC97829DBA1C3007BA935 /* Sources */,
				C17AC97929DBA1C3007BA935 /* Frameworks */,
				C17AC97A29DBA1C3007BA935 /* Resources */,
			);
			buildRules = (
			);
			dependencies = (
			);
			name = Openredu;
			productName = Openredu;
			productReference = C17AC97C29DBA1C3007BA935 /* Openredu.app */;
			productType = "com.apple.product-type.application";
		};
/* End PBXNativeTarget section */

/* Begin PBXProject section */
		C17AC97429DBA1C3007BA935 /* Project object */ = {
			isa = PBXProject;
			attributes = {
				BuildIndependentTargetsInParallel = 1;
				LastSwiftUpdateCheck = 1400;
				LastUpgradeCheck = 1400;
				TargetAttributes = {
					C17AC97B29DBA1C3007BA935 = {
						CreatedOnToolsVersion = 14.0;
					};
				};
			};
			buildConfigurationList = C17AC97729DBA1C3007BA935 /* Build configuration list for PBXProject "Openredu" */;
			compatibilityVersion = "Xcode 14.0";
			developmentRegion = en;
			hasScannedForEncodings = 0;
			knownRegions = (
				en,
				Base,
			);
			mainGroup = C17AC97329DBA1C3007BA935;
			productRefGroup = C17AC97D29DBA1C3007BA935 /* Products */;
			projectDirPath = "";
			projectRoot = "";
			targets = (
				C17AC97B29DBA1C3007BA935 /* Openredu */,
			);
		};
/* End PBXProject section */

/* Begin PBXResourcesBuildPhase section */
		C17AC97A29DBA1C3007BA935 /* Resources */ = {
			isa = PBXResourcesBuildPhase;
			buildActionMask = 2147483647;
			files = (
				C17AC98729DBA1C4007BA935 /* Preview Assets.xcassets in Resources */,
				C17AC98429DBA1C4007BA935 /* Assets.xcassets in Resources */,
			);
			runOnlyForDeploymentPostprocessing = 0;
		};
/* End PBXResourcesBuildPhase section */

/* Begin PBXSourcesBuildPhase section */
		C17AC97829DBA1C3007BA935 /* Sources */ = {
			isa = PBXSourcesBuildPhase;
			buildActionMask = 2147483647;
			files = (
				C17AC99229DBA3FE007BA935 /* ProfileView.swift in Sources */,
				C173004229DF422D00E7E35D /* EnvironmentDetailView.swift in Sources */,
				C1827D4B29E2293200A02922 /* SubjectView.swift in Sources */,
				C1827D4929E2281E00A02922 /* ContentListView.swift in Sources */,
				C1D44B7229E1B964008C2FEA /* CourseView.swift in Sources */,
				C17AC98229DBA1C3007BA935 /* ContentView.swift in Sources */,
				C17AC99029DBA3ED007BA935 /* HomeView.swift in Sources */,
				C17AC99429DBA817007BA935 /* EnvironmentView.swift in Sources */,
				C1D44B7029E1B726008C2FEA /* SubjectsListView.swift in Sources */,
				C1D44B6B29E1AACD008C2FEA /* Placeholders.swift in Sources */,
				C17AC98029DBA1C3007BA935 /* OpenreduApp.swift in Sources */,
				C17AC99829DBB4F7007BA935 /* EnvironmentTypeModel.swift in Sources */,
				C1D44B6729E0698A008C2FEA /* ContentModel.swift in Sources */,
				C1D44B6529E0691F008C2FEA /* SubjectsModel.swift in Sources */,
				C173004429DF433E00E7E35D /* EnvironmentCoursesModel.swift in Sources */,
				C1D44B6929E06DE2008C2FEA /* CoursesListView.swift in Sources */,
				C17AC99629DBAE74007BA935 /* EnvironmentListView.swift in Sources */,
			);
			runOnlyForDeploymentPostprocessing = 0;
		};
/* End PBXSourcesBuildPhase section */

/* Begin XCBuildConfiguration section */
		C17AC98829DBA1C4007BA935 /* Debug */ = {
			isa = XCBuildConfiguration;
			buildSettings = {
				ALWAYS_SEARCH_USER_PATHS = NO;
				CLANG_ANALYZER_NONNULL = YES;
				CLANG_ANALYZER_NUMBER_OBJECT_CONVERSION = YES_AGGRESSIVE;
				CLANG_CXX_LANGUAGE_STANDARD = "gnu++20";
				CLANG_ENABLE_MODULES = YES;
				CLANG_ENABLE_OBJC_ARC = YES;
				CLANG_ENABLE_OBJC_WEAK = YES;
				CLANG_WARN_BLOCK_CAPTURE_AUTORELEASING = YES;
				CLANG_WARN_BOOL_CONVERSION = YES;
				CLANG_WARN_COMMA = YES;
				CLANG_WARN_CONSTANT_CONVERSION = YES;
				CLANG_WARN_DEPRECATED_OBJC_IMPLEMENTATIONS = YES;
				CLANG_WARN_DIRECT_OBJC_ISA_USAGE = YES_ERROR;
				CLANG_WARN_DOCUMENTATION_COMMENTS = YES;
				CLANG_WARN_EMPTY_BODY = YES;
				CLANG_WARN_ENUM_CONVERSION = YES;
				CLANG_WARN_INFINITE_RECURSION = YES;
				CLANG_WARN_INT_CONVERSION = YES;
				CLANG_WARN_NON_LITERAL_NULL_CONVERSION = YES;
				CLANG_WARN_OBJC_IMPLICIT_RETAIN_SELF = YES;
				CLANG_WARN_OBJC_LITERAL_CONVERSION = YES;
				CLANG_WARN_OBJC_ROOT_CLASS = YES_ERROR;
				CLANG_WARN_QUOTED_INCLUDE_IN_FRAMEWORK_HEADER = YES;
				CLANG_WARN_RANGE_LOOP_ANALYSIS = YES;
				CLANG_WARN_STRICT_PROTOTYPES = YES;
				CLANG_WARN_SUSPICIOUS_MOVE = YES;
				CLANG_WARN_UNGUARDED_AVAILABILITY = YES_AGGRESSIVE;
				CLANG_WARN_UNREACHABLE_CODE = YES;
				CLANG_WARN__DUPLICATE_METHOD_MATCH = YES;
				COPY_PHASE_STRIP = NO;
				DEBUG_INFORMATION_FORMAT = dwarf;
				ENABLE_STRICT_OBJC_MSGSEND = YES;
				ENABLE_TESTABILITY = YES;
				GCC_C_LANGUAGE_STANDARD = gnu11;
				GCC_DYNAMIC_NO_PIC = NO;
				GCC_NO_COMMON_BLOCKS = YES;
				GCC_OPTIMIZATION_LEVEL = 0;
				GCC_PREPROCESSOR_DEFINITIONS = (
					"DEBUG=1",
					"$(inherited)",
				);
				GCC_WARN_64_TO_32_BIT_CONVERSION = YES;
				GCC_WARN_ABOUT_RETURN_TYPE = YES_ERROR;
				GCC_WARN_UNDECLARED_SELECTOR = YES;
				GCC_WARN_UNINITIALIZED_AUTOS = YES_AGGRESSIVE;
				GCC_WARN_UNUSED_FUNCTION = YES;
				GCC_WARN_UNUSED_VARIABLE = YES;
				IPHONEOS_DEPLOYMENT_TARGET = 16.0;
				MTL_ENABLE_DEBUG_INFO = INCLUDE_SOURCE;
				MTL_FAST_MATH = YES;
				ONLY_ACTIVE_ARCH = YES;
				SDKROOT = iphoneos;
				SWIFT_ACTIVE_COMPILATION_CONDITIONS = DEBUG;
				SWIFT_OPTIMIZATION_LEVEL = "-Onone";
			};
			name = Debug;
		};
		C17AC98929DBA1C4007BA935 /* Release */ = {
			isa = XCBuildConfiguration;
			buildSettings = {
				ALWAYS_SEARCH_USER_PATHS = NO;
				CLANG_ANALYZER_NONNULL = YES;
				CLANG_ANALYZER_NUMBER_OBJECT_CONVERSION = YES_AGGRESSIVE;
				CLANG_CXX_LANGUAGE_STANDARD = "gnu++20";
				CLANG_ENABLE_MODULES = YES;
				CLANG_ENABLE_OBJC_ARC = YES;
				CLANG_ENABLE_OBJC_WEAK = YES;
				CLANG_WARN_BLOCK_CAPTURE_AUTORELEASING = YES;
				CLANG_WARN_BOOL_CONVERSION = YES;
				CLANG_WARN_COMMA = YES;
				CLANG_WARN_CONSTANT_CONVERSION = YES;
				CLANG_WARN_DEPRECATED_OBJC_IMPLEMENTATIONS = YES;
				CLANG_WARN_DIRECT_OBJC_ISA_USAGE = YES_ERROR;
				CLANG_WARN_DOCUMENTATION_COMMENTS = YES;
				CLANG_WARN_EMPTY_BODY = YES;
				CLANG_WARN_ENUM_CONVERSION = YES;
				CLANG_WARN_INFINITE_RECURSION = YES;
				CLANG_WARN_INT_CONVERSION = YES;
				CLANG_WARN_NON_LITERAL_NULL_CONVERSION = YES;
				CLANG_WARN_OBJC_IMPLICIT_RETAIN_SELF = YES;
				CLANG_WARN_OBJC_LITERAL_CONVERSION = YES;
				CLANG_WARN_OBJC_ROOT_CLASS = YES_ERROR;
				CLANG_WARN_QUOTED_INCLUDE_IN_FRAMEWORK_HEADER = YES;
				CLANG_WARN_RANGE_LOOP_ANALYSIS = YES;
				CLANG_WARN_STRICT_PROTOTYPES = YES;
				CLANG_WARN_SUSPICIOUS_MOVE = YES;
				CLANG_WARN_UNGUARDED_AVAILABILITY = YES_AGGRESSIVE;
				CLANG_WARN_UNREACHABLE_CODE = YES;
				CLANG_WARN__DUPLICATE_METHOD_MATCH = YES;
				COPY_PHASE_STRIP = NO;
				DEBUG_INFORMATION_FORMAT = "dwarf-with-dsym";
				ENABLE_NS_ASSERTIONS = NO;
				ENABLE_STRICT_OBJC_MSGSEND = YES;
				GCC_C_LANGUAGE_STANDARD = gnu11;
				GCC_NO_COMMON_BLOCKS = YES;
				GCC_WARN_64_TO_32_BIT_CONVERSION = YES;
				GCC_WARN_ABOUT_RETURN_TYPE = YES_ERROR;
				GCC_WARN_UNDECLARED_SELECTOR = YES;
				GCC_WARN_UNINITIALIZED_AUTOS = YES_AGGRESSIVE;
				GCC_WARN_UNUSED_FUNCTION = YES;
				GCC_WARN_UNUSED_VARIABLE = YES;
				IPHONEOS_DEPLOYMENT_TARGET = 16.0;
				MTL_ENABLE_DEBUG_INFO = NO;
				MTL_FAST_MATH = YES;
				SDKROOT = iphoneos;
				SWIFT_COMPILATION_MODE = wholemodule;
				SWIFT_OPTIMIZATION_LEVEL = "-O";
				VALIDATE_PRODUCT = YES;
			};
			name = Release;
		};
		C17AC98B29DBA1C4007BA935 /* Debug */ = {
			isa = XCBuildConfiguration;
			buildSettings = {
				ASSETCATALOG_COMPILER_APPICON_NAME = AppIcon;
				ASSETCATALOG_COMPILER_GLOBAL_ACCENT_COLOR_NAME = AccentColor;
				CODE_SIGN_STYLE = Automatic;
				CURRENT_PROJECT_VERSION = 1;
				DEVELOPMENT_ASSET_PATHS = "\"Openredu/Preview Content\"";
				DEVELOPMENT_TEAM = V6PZQ5HFRR;
				ENABLE_PREVIEWS = YES;
				GENERATE_INFOPLIST_FILE = YES;
				INFOPLIST_KEY_UIApplicationSceneManifest_Generation = YES;
				INFOPLIST_KEY_UIApplicationSupportsIndirectInputEvents = YES;
				INFOPLIST_KEY_UILaunchScreen_Generation = YES;
				INFOPLIST_KEY_UISupportedInterfaceOrientations_iPad = "UIInterfaceOrientationPortrait UIInterfaceOrientationPortraitUpsideDown UIInterfaceOrientationLandscapeLeft UIInterfaceOrientationLandscapeRight";
				INFOPLIST_KEY_UISupportedInterfaceOrientations_iPhone = "UIInterfaceOrientationPortrait UIInterfaceOrientationLandscapeLeft UIInterfaceOrientationLandscapeRight";
				LD_RUNPATH_SEARCH_PATHS = (
					"$(inherited)",
					"@executable_path/Frameworks",
				);
				MARKETING_VERSION = 1.0;
				PRODUCT_BUNDLE_IDENTIFIER = br.ufpe.cin.Openredu;
				PRODUCT_NAME = "$(TARGET_NAME)";
				SWIFT_EMIT_LOC_STRINGS = YES;
				SWIFT_VERSION = 5.0;
				TARGETED_DEVICE_FAMILY = "1,2";
			};
			name = Debug;
		};
		C17AC98C29DBA1C4007BA935 /* Release */ = {
			isa = XCBuildConfiguration;
			buildSettings = {
				ASSETCATALOG_COMPILER_APPICON_NAME = AppIcon;
				ASSETCATALOG_COMPILER_GLOBAL_ACCENT_COLOR_NAME = AccentColor;
				CODE_SIGN_STYLE = Automatic;
				CURRENT_PROJECT_VERSION = 1;
				DEVELOPMENT_ASSET_PATHS = "\"Openredu/Preview Content\"";
				DEVELOPMENT_TEAM = V6PZQ5HFRR;
				ENABLE_PREVIEWS = YES;
				GENERATE_INFOPLIST_FILE = YES;
				INFOPLIST_KEY_UIApplicationSceneManifest_Generation = YES;
				INFOPLIST_KEY_UIApplicationSupportsIndirectInputEvents = YES;
				INFOPLIST_KEY_UILaunchScreen_Generation = YES;
				INFOPLIST_KEY_UISupportedInterfaceOrientations_iPad = "UIInterfaceOrientationPortrait UIInterfaceOrientationPortraitUpsideDown UIInterfaceOrientationLandscapeLeft UIInterfaceOrientationLandscapeRight";
				INFOPLIST_KEY_UISupportedInterfaceOrientations_iPhone = "UIInterfaceOrientationPortrait UIInterfaceOrientationLandscapeLeft UIInterfaceOrientationLandscapeRight";
				LD_RUNPATH_SEARCH_PATHS = (
					"$(inherited)",
					"@executable_path/Frameworks",
				);
				MARKETING_VERSION = 1.0;
				PRODUCT_BUNDLE_IDENTIFIER = br.ufpe.cin.Openredu;
				PRODUCT_NAME = "$(TARGET_NAME)";
				SWIFT_EMIT_LOC_STRINGS = YES;
				SWIFT_VERSION = 5.0;
				TARGETED_DEVICE_FAMILY = "1,2";
			};
			name = Release;
		};
/* End XCBuildConfiguration section */

/* Begin XCConfigurationList section */
		C17AC97729DBA1C3007BA935 /* Build configuration list for PBXProject "Openredu" */ = {
			isa = XCConfigurationList;
			buildConfigurations = (
				C17AC98829DBA1C4007BA935 /* Debug */,
				C17AC98929DBA1C4007BA935 /* Release */,
			);
			defaultConfigurationIsVisible = 0;
			defaultConfigurationName = Release;
		};
		C17AC98A29DBA1C4007BA935 /* Build configuration list for PBXNativeTarget "Openredu" */ = {
			isa = XCConfigurationList;
			buildConfigurations = (
				C17AC98B29DBA1C4007BA935 /* Debug */,
				C17AC98C29DBA1C4007BA935 /* Release */,
			);
			defaultConfigurationIsVisible = 0;
			defaultConfigurationName = Release;
		};
/* End XCConfigurationList section */
	};
	rootObject = C17AC97429DBA1C3007BA935 /* Project object */;
}
